
Microsoft Visual Studio Solution File, Format Version 12.00
# Visual Studio Version 17
VisualStudioVersion = 17.14.37203.1 d17.14
MinimumVisualStudioVersion = 10.0.40219.1
Project("{FAE04EC0-301F-11D3-BF4B-00C04F79EFBC}") = "PQC-Vault", "PQC-Vault\PQC-Vault.csproj", "{D87B4584-2AA5-4FB8-A9EE-8B5639EFC834}"
EndProject
Global
	GlobalSection(SolutionConfigurationPlatforms) = preSolution
		Debug|Any CPU = Debug|Any CPU
		Release|Any CPU = Release|Any CPU
	EndGlobalSection
	GlobalSection(ProjectConfigurationPlatforms) = postSolution
		{D87B4584-2AA5-4FB8-A9EE-8B5639EFC834}.Debug|Any CPU.ActiveCfg = Debug|Any CPU
		{D87B4584-2AA5-4FB8-A9EE-8B5639EFC834}.Debug|Any CPU.Build.0 = Debug|Any CPU
		{D87B4584-2AA5-4FB8-A9EE-8B5639EFC834}.Release|Any CPU.ActiveCfg = Release|Any CPU
		{D87B4584-2AA5-4FB8-A9EE-8B5639EFC834}.Release|Any CPU.Build.0 = Release|Any CPU
	EndGlobalSection
	GlobalSection(SolutionProperties) = preSolution
		HideSolutionNode = FALSE
	EndGlobalSection
	GlobalSection(ExtensibilityGlobals) = postSolution
		SolutionGuid = {E3FF5631-BD81-4487-AFCF-07621F06E016}
	EndGlobalSection
EndGlobal
